// !$*UTF8*$!
{
	archiveVersion = 1;
	classes = {
	};
	objectVersion = 46;
	objects = {

/* Begin PBXBuildFile section */
		C27A0872171E3AE900047911 /* UIKit.framework in Frameworks */ = {isa = PBXBuildFile; fileRef = C27A0871171E3AE900047911 /* UIKit.framework */; };
		C27A0874171E3AE900047911 /* Foundation.framework in Frameworks */ = {isa = PBXBuildFile; fileRef = C27A0873171E3AE900047911 /* Foundation.framework */; };
		C27A0876171E3AE900047911 /* CoreGraphics.framework in Frameworks */ = {isa = PBXBuildFile; fileRef = C27A0875171E3AE900047911 /* CoreGraphics.framework */; };
		C27A087C171E3AE900047911 /* InfoPlist.strings in Resources */ = {isa = PBXBuildFile; fileRef = C27A087A171E3AE900047911 /* InfoPlist.strings */; };
		C27A087E171E3AE900047911 /* main.m in Sources */ = {isa = PBXBuildFile; fileRef = C27A087D171E3AE900047911 /* main.m */; };
		C27A0882171E3AE900047911 /* AppDelegate.m in Sources */ = {isa = PBXBuildFile; fileRef = C27A0881171E3AE900047911 /* AppDelegate.m */; };
		C27A0884171E3AEA00047911 /* Default.png in Resources */ = {isa = PBXBuildFile; fileRef = C27A0883171E3AE900047911 /* Default.png */; };
		C27A0886171E3AEA00047911 /* Default@2x.png in Resources */ = {isa = PBXBuildFile; fileRef = C27A0885171E3AEA00047911 /* Default@2x.png */; };
		C27A0888171E3AEA00047911 /* Default-568h@2x.png in Resources */ = {isa = PBXBuildFile; fileRef = C27A0887171E3AEA00047911 /* Default-568h@2x.png */; };
		C27A088B171E3AEA00047911 /* MainStoryboard_iPhone.storyboard in Resources */ = {isa = PBXBuildFile; fileRef = C27A0889171E3AEA00047911 /* MainStoryboard_iPhone.storyboard */; };
		C27A088E171E3AEA00047911 /* MainStoryboard_iPad.storyboard in Resources */ = {isa = PBXBuildFile; fileRef = C27A088C171E3AEA00047911 /* MainStoryboard_iPad.storyboard */; };
		C27A0891171E3AEA00047911 /* ViewController.m in Sources */ = {isa = PBXBuildFile; fileRef = C27A0890171E3AEA00047911 /* ViewController.m */; };
		C27A0899171E3B7400047911 /* MyClass.m in Sources */ = {isa = PBXBuildFile; fileRef = C27A0898171E3B7400047911 /* MyClass.m */; };
/* End PBXBuildFile section */

/* Begin PBXFileReference section */
		C27A086E171E3AE900047911 /* NSStringFromClassSample.app */ = {isa = PBXFileReference; explicitFileType = wrapper.application; includeInIndex = 0; path = NSStringFromClassSample.app; sourceTree = BUILT_PRODUCTS_DIR; };
		C27A0871171E3AE900047911 /* UIKit.framework */ = {isa = PBXFileReference; lastKnownFileType = wrapper.framework; name = UIKit.framework; path = System/Library/Frameworks/UIKit.framework; sourceTree = SDKROOT; };
		C27A0873171E3AE900047911 /* Foundation.framework */ = {isa = PBXFileReference; lastKnownFileType = wrapper.framework; name = Foundation.framework; path = System/Library/Frameworks/Foundation.framework; sourceTree = SDKROOT; };
		C27A0875171E3AE900047911 /* CoreGraphics.framework */ = {isa = PBXFileReference; lastKnownFileType = wrapper.framework; name = CoreGraphics.framework; path = System/Library/Frameworks/CoreGraphics.framework; sourceTree = SDKROOT; };
		C27A0879171E3AE900047911 /* NSStringFromClassSample-Info.plist */ = {isa = PBXFileReference; lastKnownFileType = text.plist.xml; path = "NSStringFromClassSample-Info.plist"; sourceTree = "<group>"; };
		C27A087B171E3AE900047911 /* en */ = {isa = PBXFileReference; lastKnownFileType = text.plist.strings; name = en; path = en.lproj/InfoPlist.strings; sourceTree = "<group>"; };
		C27A087D171E3AE900047911 /* main.m */ = {isa = PBXFileReference; lastKnownFileType = sourcecode.c.objc; path = main.m; sourceTree = "<group>"; };
		C27A087F171E3AE900047911 /* NSStringFromClassSample-Prefix.pch */ = {isa = PBXFileReference; lastKnownFileType = sourcecode.c.h; path = "NSStringFromClassSample-Prefix.pch"; sourceTree = "<group>"; };
		C27A0880171E3AE900047911 /* AppDelegate.h */ = {isa = PBXFileReference; lastKnownFileType = sourcecode.c.h; path = AppDelegate.h; sourceTree = "<group>"; };
		C27A0881171E3AE900047911 /* AppDelegate.m */ = {isa = PBXFileReference; lastKnownFileType = sourcecode.c.objc; path = AppDelegate.m; sourceTree = "<group>"; };
		C27A0883171E3AE900047911 /* Default.png */ = {isa = PBXFileReference; lastKnownFileType = image.png; path = Default.png; sourceTree = "<group>"; };
		C27A0885171E3AEA00047911 /* Default@2x.png */ = {isa = PBXFileReference; lastKnownFileType = image.png; path = "Default@2x.png"; sourceTree = "<group>"; };
		C27A0887171E3AEA00047911 /* Default-568h@2x.png */ = {isa = PBXFileReference; lastKnownFileType = image.png; path = "Default-568h@2x.png"; sourceTree = "<group>"; };
		C27A088A171E3AEA00047911 /* en */ = {isa = PBXFileReference; lastKnownFileType = file.storyboard; name = en; path = en.lproj/MainStoryboard_iPhone.storyboard; sourceTree = "<group>"; };
		C27A088D171E3AEA00047911 /* en */ = {isa = PBXFileReference; lastKnownFileType = file.storyboard; name = en; path = en.lproj/MainStoryboard_iPad.storyboard; sourceTree = "<group>"; };
		C27A088F171E3AEA00047911 /* ViewController.h */ = {isa = PBXFileReference; lastKnownFileType = sourcecode.c.h; path = ViewController.h; sourceTree = "<group>"; };
		C27A0890171E3AEA00047911 /* ViewController.m */ = {isa = PBXFileReference; lastKnownFileType = sourcecode.c.objc; path = ViewController.m; sourceTree = "<group>"; };
		C27A0897171E3B7400047911 /* MyClass.h */ = {isa = PBXFileReference; fileEncoding = 4; lastKnownFileType = sourcecode.c.h; path = MyClass.h; sourceTree = "<group>"; };
		C27A0898171E3B7400047911 /* MyClass.m */ = {isa = PBXFileReference; fileEncoding = 4; lastKnownFileType = sourcecode.c.objc; path = MyClass.m; sourceTree = "<group>"; };
/* End PBXFileReference section */

/* Begin PBXFrameworksBuildPhase section */
		C27A086B171E3AE900047911 /* Frameworks */ = {
			isa = PBXFrameworksBuildPhase;
			buildActionMask = 2147483647;
			files = (
				C27A0872171E3AE900047911 /* UIKit.framework in Frameworks */,
				C27A0874171E3AE900047911 /* Foundation.framework in Frameworks */,
				C27A0876171E3AE900047911 /* CoreGraphics.framework in Frameworks */,
			);
			runOnlyForDeploymentPostprocessing = 0;
		};
/* End PBXFrameworksBuildPhase section */

/* Begin PBXGroup section */
		C27A0865171E3AE900047911 = {
			isa = PBXGroup;
			children = (
				C27A0877171E3AE900047911 /* NSStringFromClassSample */,
				C27A0870171E3AE900047911 /* Frameworks */,
				C27A086F171E3AE900047911 /* Products */,
			);
			sourceTree = "<group>";
		};
		C27A086F171E3AE900047911 /* Products */ = {
			isa = PBXGroup;
			children = (
				C27A086E171E3AE900047911 /* NSStringFromClassSample.app */,
			);
			name = Products;
			sourceTree = "<group>";
		};
		C27A0870171E3AE900047911 /* Frameworks */ = {
			isa = PBXGroup;
			children = (
				C27A0871171E3AE900047911 /* UIKit.framework */,
				C27A0873171E3AE900047911 /* Foundation.framework */,
				C27A0875171E3AE900047911 /* CoreGraphics.framework */,
			);
			name = Frameworks;
			sourceTree = "<group>";
		};
		C27A0877171E3AE900047911 /* NSStringFromClassSample */ = {
			isa = PBXGroup;
			children = (
				C27A0897171E3B7400047911 /* MyClass.h */,
				C27A0898171E3B7400047911 /* MyClass.m */,
				C27A0880171E3AE900047911 /* AppDelegate.h */,
				C27A0881171E3AE900047911 /* AppDelegate.m */,
				C27A0889171E3AEA00047911 /* MainStoryboard_iPhone.storyboard */,
				C27A088C171E3AEA00047911 /* MainStoryboard_iPad.storyboard */,
				C27A088F171E3AEA00047911 /* ViewController.h */,
				C27A0890171E3AEA00047911 /* ViewController.m */,
				C27A0878171E3AE900047911 /* Supporting Files */,
			);
			path = NSStringFromClassSample;
			sourceTree = "<group>";
		};
		C27A0878171E3AE900047911 /* Supporting Files */ = {
			isa = PBXGroup;
			children = (
				C27A0879171E3AE900047911 /* NSStringFromClassSample-Info.plist */,
				C27A087A171E3AE900047911 /* InfoPlist.strings */,
				C27A087D171E3AE900047911 /* main.m */,
				C27A087F171E3AE900047911 /* NSStringFromClassSample-Prefix.pch */,
				C27A0883171E3AE900047911 /* Default.png */,
				C27A0885171E3AEA00047911 /* Default@2x.png */,
				C27A0887171E3AEA00047911 /* Default-568h@2x.png */,
			);
			name = "Supporting Files";
			sourceTree = "<group>";
		};
/* End PBXGroup section */

/* Begin PBXNativeTarget section */
		C27A086D171E3AE900047911 /* NSStringFromClassSample */ = {
			isa = PBXNativeTarget;
			buildConfigurationList = C27A0894171E3AEA00047911 /* Build configuration list for PBXNativeTarget "NSStringFromClassSample" */;
			buildPhases = (
				C27A086A171E3AE900047911 /* Sources */,
				C27A086B171E3AE900047911 /* Frameworks */,
				C27A086C171E3AE900047911 /* Resources */,
			);
			buildRules = (
			);
			dependencies = (
			);
			name = NSStringFromClassSample;
			productName = NSStringFromClassSample;
			productReference = C27A086E171E3AE900047911 /* NSStringFromClassSample.app */;
			productType = "com.apple.product-type.application";
		};
/* End PBXNativeTarget section */

/* Begin PBXProject section */
		C27A0866171E3AE900047911 /* Project object */ = {
			isa = PBXProject;
			attributes = {
				LastUpgradeCheck = 0460;
				ORGANIZATIONNAME = Dolice;
			};
			buildConfigurationList = C27A0869171E3AE900047911 /* Build configuration list for PBXProject "NSStringFromClassSample" */;
			compatibilityVersion = "Xcode 3.2";
			developmentRegion = English;
			hasScannedForEncodings = 0;
			knownRegions = (
				en,
			);
			mainGroup = C27A0865171E3AE900047911;
			productRefGroup = C27A086F171E3AE900047911 /* Products */;
			projectDirPath = "";
			projectRoot = "";
			targets = (
				C27A086D171E3AE900047911 /* NSStringFromClassSample */,
			);
		};
/* End PBXProject section */

/* Begin PBXResourcesBuildPhase section */
		C27A086C171E3AE900047911 /* Resources */ = {
			isa = PBXResourcesBuildPhase;
			buildActionMask = 2147483647;
			files = (
				C27A087C171E3AE900047911 /* InfoPlist.strings in Resources */,
				C27A0884171E3AEA00047911 /* Default.png in Resources */,
				C27A0886171E3AEA00047911 /* Default@2x.png in Resources */,
				C27A0888171E3AEA00047911 /* Default-568h@2x.png in Resources */,
				C27A088B171E3AEA00047911 /* MainStoryboard_iPhone.storyboard in Resources */,
				C27A088E171E3AEA00047911 /* MainStoryboard_iPad.storyboard in Resources */,
			);
			runOnlyForDeploymentPostprocessing = 0;
		};
/* End PBXResourcesBuildPhase section */

/* Begin PBXSourcesBuildPhase section */
		C27A086A171E3AE900047911 /* Sources */ = {
			isa = PBXSourcesBuildPhase;
			buildActionMask = 2147483647;
			files = (
				C27A087E171E3AE900047911 /* main.m in Sources */,
				C27A0882171E3AE900047911 /* AppDelegate.m in Sources */,
				C27A0891171E3AEA00047911 /* ViewController.m in Sources */,
				C27A0899171E3B7400047911 /* MyClass.m in Sources */,
			);
			runOnlyForDeploymentPostprocessing = 0;
		};
/* End PBXSourcesBuildPhase section */

/* Begin PBXVariantGroup section */
		C27A087A171E3AE900047911 /* InfoPlist.strings */ = {
			isa = PBXVariantGroup;
			children = (
				C27A087B171E3AE900047911 /* en */,
			);
			name = InfoPlist.strings;
			sourceTree = "<group>";
		};
		C27A0889171E3AEA00047911 /* MainStoryboard_iPhone.storyboard */ = {
			isa = PBXVariantGroup;
			children = (
				C27A088A171E3AEA00047911 /* en */,
			);
			name = MainStoryboard_iPhone.storyboard;
			sourceTree = "<group>";
		};
		C27A088C171E3AEA00047911 /* MainStoryboard_iPad.storyboard */ = {
			isa = PBXVariantGroup;
			children = (
				C27A088D171E3AEA00047911 /* en */,
			);
			name = MainStoryboard_iPad.storyboard;
			sourceTree = "<group>";
		};
/* End PBXVariantGroup section */

/* Begin XCBuildConfiguration section */
		C27A0892171E3AEA00047911 /* Debug */ = {
			isa = XCBuildConfiguration;
			buildSettings = {
				ALWAYS_SEARCH_USER_PATHS = NO;
				CLANG_CXX_LANGUAGE_STANDARD = "gnu++0x";
				CLANG_CXX_LIBRARY = "libc++";
				CLANG_ENABLE_OBJC_ARC = YES;
				CLANG_WARN_CONSTANT_CONVERSION = YES;
				CLANG_WARN_EMPTY_BODY = YES;
				CLANG_WARN_ENUM_CONVERSION = YES;
				CLANG_WARN_INT_CONVERSION = YES;
				CLANG_WARN__DUPLICATE_METHOD_MATCH = YES;
				"CODE_SIGN_IDENTITY[sdk=iphoneos*]" = "iPhone Developer";
				COPY_PHASE_STRIP = NO;
				GCC_C_LANGUAGE_STANDARD = gnu99;
				GCC_DYNAMIC_NO_PIC = NO;
				GCC_OPTIMIZATION_LEVEL = 0;
				GCC_PREPROCESSOR_DEFINITIONS = (
					"DEBUG=1",
					"$(inherited)",
				);
				GCC_SYMBOLS_PRIVATE_EXTERN = NO;
				GCC_WARN_ABOUT_RETURN_TYPE = YES;
				GCC_WARN_UNINITIALIZED_AUTOS = YES;
				GCC_WARN_UNUSED_VARIABLE = YES;
				IPHONEOS_DEPLOYMENT_TARGET = 6.1;
				ONLY_ACTIVE_ARCH = YES;
				SDKROOT = iphoneos;
				TARGETED_DEVICE_FAMILY = "1,2";
			};
			name = Debug;
		};
		C27A0893171E3AEA00047911 /* Release */ = {
			isa = XCBuildConfiguration;
			buildSettings = {
				ALWAYS_SEARCH_USER_PATHS = NO;
				CLANG_CXX_LANGUAGE_STANDARD = "gnu++0x";
				CLANG_CXX_LIBRARY = "libc++";
				CLANG_ENABLE_OBJC_ARC = YES;
				CLANG_WARN_CONSTANT_CONVERSION = YES;
				CLANG_WARN_EMPTY_BODY = YES;
				CLANG_WARN_ENUM_CONVERSION = YES;
				CLANG_WARN_INT_CONVERSION = YES;
				CLANG_WARN__DUPLICATE_METHOD_MATCH = YES;
				"CODE_SIGN_IDENTITY[sdk=iphoneos*]" = "iPhone Developer";
				COPY_PHASE_STRIP = YES;
				GCC_C_LANGUAGE_STANDARD = gnu99;
				GCC_WARN_ABOUT_RETURN_TYPE = YES;
				GCC_WARN_UNINITIALIZED_AUTOS = YES;
				GCC_WARN_UNUSED_VARIABLE = YES;
				IPHONEOS_DEPLOYMENT_TARGET = 6.1;
				OTHER_CFLAGS = "-DNS_BLOCK_ASSERTIONS=1";
				SDKROOT = iphoneos;
				TARGETED_DEVICE_FAMILY = "1,2";
				VALIDATE_PRODUCT = YES;
			};
			name = Release;
		};
		C27A0895171E3AEA00047911 /* Debug */ = {
			isa = XCBuildConfiguration;
			buildSettings = {
				GCC_PRECOMPILE_PREFIX_HEADER = YES;
				GCC_PREFIX_HEADER = "NSStringFromClassSample/NSStringFromClassSample-Prefix.pch";
				INFOPLIST_FILE = "NSStringFromClassSample/NSStringFromClassSample-Info.plist";
				PRODUCT_NAME = "$(TARGET_NAME)";
				WRAPPER_EXTENSION = app;
			};
			name = Debug;
		};
		C27A0896171E3AEA00047911 /* Release */ = {
			isa = XCBuildConfiguration;
			buildSettings = {
				GCC_PRECOMPILE_PREFIX_HEADER = YES;
				GCC_PREFIX_HEADER = "NSStringFromClassSample/NSStringFromClassSample-Prefix.pch";
				INFOPLIST_FILE = "NSStringFromClassSample/NSStringFromClassSample-Info.plist";
				PRODUCT_NAME = "$(TARGET_NAME)";
				WRAPPER_EXTENSION = app;
			};
			name = Release;
		};
/* End XCBuildConfiguration section */

/* Begin XCConfigurationList section */
		C27A0869171E3AE900047911 /* Build configuration list for PBXProject "NSStringFromClassSample" */ = {
			isa = XCConfigurationList;
			buildConfigurations = (
				C27A0892171E3AEA00047911 /* Debug */,
				C27A0893171E3AEA00047911 /* Release */,
			);
			defaultConfigurationIsVisible = 0;
			defaultConfigurationName = Release;
		};
		C27A0894171E3AEA00047911 /* Build configuration list for PBXNativeTarget "NSStringFromClassSample" */ = {
			isa = XCConfigurationList;
			buildConfigurations = (
				C27A0895171E3AEA00047911 /* Debug */,
				C27A0896171E3AEA00047911 /* Release */,
			);
			defaultConfigurationIsVisible = 0;
		};
/* End XCConfigurationList section */
	};
	rootObject = C27A0866171E3AE900047911 /* Project object */;
}
